
Microsoft Visual Studio Solution File, Format Version 12.00
# Visual Studio Version 17
VisualStudioVersion = 17.13.35931.197 d17.13
MinimumVisualStudioVersion = 10.0.40219.1
Project("{FAE04EC0-301F-11D3-BF4B-00C04F79EFBC}") = "GitDemo", "GitDemo\GitDemo.csproj", "{88C962D9-B437-487C-94DD-BEB8FA0614BC}"
EndProject
Global
	GlobalSection(SolutionConfigurationPlatforms) = preSolution
		Debug|Any CPU = Debug|Any CPU
		Release|Any CPU = Release|Any CPU
	EndGlobalSection
	GlobalSection(ProjectConfigurationPlatforms) = postSolution
		{88C962D9-B437-487C-94DD-BEB8FA0614BC}.Debug|Any CPU.ActiveCfg = Debug|Any CPU
		{88C962D9-B437-487C-94DD-BEB8FA0614BC}.Debug|Any CPU.Build.0 = Debug|Any CPU
		{88C962D9-B437-487C-94DD-BEB8FA0614BC}.Release|Any CPU.ActiveCfg = Release|Any CPU
		{88C962D9-B437-487C-94DD-BEB8FA0614BC}.Release|Any CPU.Build.0 = Release|Any CPU
	EndGlobalSection
	GlobalSection(SolutionProperties) = preSolution
		HideSolutionNode = FALSE
	EndGlobalSection
	GlobalSection(ExtensibilityGlobals) = postSolution
		SolutionGuid = {63C90161-1AF5-428D-A3BB-559F7662278D}
	EndGlobalSection
EndGlobal
